// !$*UTF8*$!
{
	archiveVersion = 1;
	classes = {
	};
	objectVersion = 56;
	objects = {

/* Begin PBXBuildFile section */
		2D0F72D7297DD841009D6AE6 /* Images.swift in Sources */ = {isa = PBXBuildFile; fileRef = 2D0F72D6297DD841009D6AE6 /* Images.swift */; };
		2D0F72D9297DDBC3009D6AE6 /* HomeFeedViewModel.swift in Sources */ = {isa = PBXBuildFile; fileRef = 2D0F72D8297DDBC3009D6AE6 /* HomeFeedViewModel.swift */; };
		2D0F72DC297DDCCA009D6AE6 /* HeaderCell.swift in Sources */ = {isa = PBXBuildFile; fileRef = 2D0F72DB297DDCCA009D6AE6 /* HeaderCell.swift */; };
		2D0F72DF297DDF49009D6AE6 /* HeaderCellModel.swift in Sources */ = {isa = PBXBuildFile; fileRef = 2D0F72DE297DDF49009D6AE6 /* HeaderCellModel.swift */; };
		2D0F72E1297DDF6B009D6AE6 /* HeaderCellMockData.swift in Sources */ = {isa = PBXBuildFile; fileRef = 2D0F72E0297DDF6B009D6AE6 /* HeaderCellMockData.swift */; };
		2D0F72E3297DE1CC009D6AE6 /* SlideCell.swift in Sources */ = {isa = PBXBuildFile; fileRef = 2D0F72E2297DE1CC009D6AE6 /* SlideCell.swift */; };
		2D0F72E7297DE632009D6AE6 /* SlideCellMockData.swift in Sources */ = {isa = PBXBuildFile; fileRef = 2D0F72E6297DE632009D6AE6 /* SlideCellMockData.swift */; };
		2D0F72E9297DE642009D6AE6 /* SlideCellModel.swift in Sources */ = {isa = PBXBuildFile; fileRef = 2D0F72E8297DE642009D6AE6 /* SlideCellModel.swift */; };
		2D0F72EB297DE7E0009D6AE6 /* CategoryCellModel.swift in Sources */ = {isa = PBXBuildFile; fileRef = 2D0F72EA297DE7E0009D6AE6 /* CategoryCellModel.swift */; };
		2D0F72ED297DE7F9009D6AE6 /* CategoryCell.swift in Sources */ = {isa = PBXBuildFile; fileRef = 2D0F72EC297DE7F9009D6AE6 /* CategoryCell.swift */; };
		2D0F72EF297DE8A5009D6AE6 /* CategoryCellMockData.swift in Sources */ = {isa = PBXBuildFile; fileRef = 2D0F72EE297DE8A5009D6AE6 /* CategoryCellMockData.swift */; };
		2D0F72F1297DED0F009D6AE6 /* BoxBinding.swift in Sources */ = {isa = PBXBuildFile; fileRef = 2D0F72F0297DED0F009D6AE6 /* BoxBinding.swift */; };
		2D0F72F5297DF584009D6AE6 /* CategoriesDetailViewController.swift in Sources */ = {isa = PBXBuildFile; fileRef = 2D0F72F4297DF584009D6AE6 /* CategoriesDetailViewController.swift */; };
		2D0F72F7297DF607009D6AE6 /* CategoriesDetailViewModel.swift in Sources */ = {isa = PBXBuildFile; fileRef = 2D0F72F6297DF607009D6AE6 /* CategoriesDetailViewModel.swift */; };
		2D2BEBAF297B60250083C573 /* AppDelegate.swift in Sources */ = {isa = PBXBuildFile; fileRef = 2D2BEBAE297B60250083C573 /* AppDelegate.swift */; };
		2D2BEBB1297B60250083C573 /* SceneDelegate.swift in Sources */ = {isa = PBXBuildFile; fileRef = 2D2BEBB0297B60250083C573 /* SceneDelegate.swift */; };
		2D2BEBB8297B60260083C573 /* Assets.xcassets in Resources */ = {isa = PBXBuildFile; fileRef = 2D2BEBB7297B60260083C573 /* Assets.xcassets */; };
		2D2BEBBB297B60260083C573 /* LaunchScreen.storyboard in Resources */ = {isa = PBXBuildFile; fileRef = 2D2BEBB9297B60260083C573 /* LaunchScreen.storyboard */; };
		2D2BEBC4297B60950083C573 /* AppContainer.swift in Sources */ = {isa = PBXBuildFile; fileRef = 2D2BEBC3297B60950083C573 /* AppContainer.swift */; };
		2D2BEBC6297B609B0083C573 /* AppRouter.swift in Sources */ = {isa = PBXBuildFile; fileRef = 2D2BEBC5297B609B0083C573 /* AppRouter.swift */; };
		2D2BEBCF297B622E0083C573 /* HomeFeedViewController.swift in Sources */ = {isa = PBXBuildFile; fileRef = 2D2BEBCE297B622E0083C573 /* HomeFeedViewController.swift */; };
		2D2BEBD1297B62360083C573 /* CategoriesViewController.swift in Sources */ = {isa = PBXBuildFile; fileRef = 2D2BEBD0297B62360083C573 /* CategoriesViewController.swift */; };
		2D2BEBD3297B623C0083C573 /* FavoritesViewController.swift in Sources */ = {isa = PBXBuildFile; fileRef = 2D2BEBD2297B623C0083C573 /* FavoritesViewController.swift */; };
		2D2BEBD5297B62410083C573 /* BasketViewController.swift in Sources */ = {isa = PBXBuildFile; fileRef = 2D2BEBD4297B62410083C573 /* BasketViewController.swift */; };
		2D2BEBD7297B62480083C573 /* ProfileViewController.swift in Sources */ = {isa = PBXBuildFile; fileRef = 2D2BEBD6297B62480083C573 /* ProfileViewController.swift */; };
		2D2BEBD9297B62590083C573 /* MainTabBarViewController.swift in Sources */ = {isa = PBXBuildFile; fileRef = 2D2BEBD8297B62590083C573 /* MainTabBarViewController.swift */; };
		2D2BEBDC297B673B0083C573 /* SnapKit in Frameworks */ = {isa = PBXBuildFile; productRef = 2D2BEBDB297B673B0083C573 /* SnapKit */; };
		2D2BEBE1297B83700083C573 /* CompositionalLayoutHelper.swift in Sources */ = {isa = PBXBuildFile; fileRef = 2D2BEBE0297B83700083C573 /* CompositionalLayoutHelper.swift */; };
/* End PBXBuildFile section */

/* Begin PBXFileReference section */
		2D0F72D6297DD841009D6AE6 /* Images.swift */ = {isa = PBXFileReference; lastKnownFileType = sourcecode.swift; path = Images.swift; sourceTree = "<group>"; };
		2D0F72D8297DDBC3009D6AE6 /* HomeFeedViewModel.swift */ = {isa = PBXFileReference; lastKnownFileType = sourcecode.swift; path = HomeFeedViewModel.swift; sourceTree = "<group>"; };
		2D0F72DB297DDCCA009D6AE6 /* HeaderCell.swift */ = {isa = PBXFileReference; lastKnownFileType = sourcecode.swift; path = HeaderCell.swift; sourceTree = "<group>"; };
		2D0F72DE297DDF49009D6AE6 /* HeaderCellModel.swift */ = {isa = PBXFileReference; lastKnownFileType = sourcecode.swift; path = HeaderCellModel.swift; sourceTree = "<group>"; };
		2D0F72E0297DDF6B009D6AE6 /* HeaderCellMockData.swift */ = {isa = PBXFileReference; lastKnownFileType = sourcecode.swift; path = HeaderCellMockData.swift; sourceTree = "<group>"; };
		2D0F72E2297DE1CC009D6AE6 /* SlideCell.swift */ = {isa = PBXFileReference; lastKnownFileType = sourcecode.swift; path = SlideCell.swift; sourceTree = "<group>"; };
		2D0F72E6297DE632009D6AE6 /* SlideCellMockData.swift */ = {isa = PBXFileReference; lastKnownFileType = sourcecode.swift; path = SlideCellMockData.swift; sourceTree = "<group>"; };
		2D0F72E8297DE642009D6AE6 /* SlideCellModel.swift */ = {isa = PBXFileReference; lastKnownFileType = sourcecode.swift; path = SlideCellModel.swift; sourceTree = "<group>"; };
		2D0F72EA297DE7E0009D6AE6 /* CategoryCellModel.swift */ = {isa = PBXFileReference; lastKnownFileType = sourcecode.swift; path = CategoryCellModel.swift; sourceTree = "<group>"; };
		2D0F72EC297DE7F9009D6AE6 /* CategoryCell.swift */ = {isa = PBXFileReference; lastKnownFileType = sourcecode.swift; path = CategoryCell.swift; sourceTree = "<group>"; };
		2D0F72EE297DE8A5009D6AE6 /* CategoryCellMockData.swift */ = {isa = PBXFileReference; lastKnownFileType = sourcecode.swift; path = CategoryCellMockData.swift; sourceTree = "<group>"; };
		2D0F72F0297DED0F009D6AE6 /* BoxBinding.swift */ = {isa = PBXFileReference; lastKnownFileType = sourcecode.swift; path = BoxBinding.swift; sourceTree = "<group>"; };
		2D0F72F4297DF584009D6AE6 /* CategoriesDetailViewController.swift */ = {isa = PBXFileReference; lastKnownFileType = sourcecode.swift; path = CategoriesDetailViewController.swift; sourceTree = "<group>"; };
		2D0F72F6297DF607009D6AE6 /* CategoriesDetailViewModel.swift */ = {isa = PBXFileReference; lastKnownFileType = sourcecode.swift; path = CategoriesDetailViewModel.swift; sourceTree = "<group>"; };
		2D2BEBAB297B60250083C573 /* ciceksepeti.app */ = {isa = PBXFileReference; explicitFileType = wrapper.application; includeInIndex = 0; path = ciceksepeti.app; sourceTree = BUILT_PRODUCTS_DIR; };
		2D2BEBAE297B60250083C573 /* AppDelegate.swift */ = {isa = PBXFileReference; lastKnownFileType = sourcecode.swift; path = AppDelegate.swift; sourceTree = "<group>"; };
		2D2BEBB0297B60250083C573 /* SceneDelegate.swift */ = {isa = PBXFileReference; lastKnownFileType = sourcecode.swift; path = SceneDelegate.swift; sourceTree = "<group>"; };
		2D2BEBB7297B60260083C573 /* Assets.xcassets */ = {isa = PBXFileReference; lastKnownFileType = folder.assetcatalog; path = Assets.xcassets; sourceTree = "<group>"; };
		2D2BEBBA297B60260083C573 /* Base */ = {isa = PBXFileReference; lastKnownFileType = file.storyboard; name = Base; path = Base.lproj/LaunchScreen.storyboard; sourceTree = "<group>"; };
		2D2BEBBC297B60260083C573 /* Info.plist */ = {isa = PBXFileReference; lastKnownFileType = text.plist.xml; path = Info.plist; sourceTree = "<group>"; };
		2D2BEBC3297B60950083C573 /* AppContainer.swift */ = {isa = PBXFileReference; lastKnownFileType = sourcecode.swift; path = AppContainer.swift; sourceTree = "<group>"; };
		2D2BEBC5297B609B0083C573 /* AppRouter.swift */ = {isa = PBXFileReference; lastKnownFileType = sourcecode.swift; path = AppRouter.swift; sourceTree = "<group>"; };
		2D2BEBCE297B622E0083C573 /* HomeFeedViewController.swift */ = {isa = PBXFileReference; lastKnownFileType = sourcecode.swift; path = HomeFeedViewController.swift; sourceTree = "<group>"; };
		2D2BEBD0297B62360083C573 /* CategoriesViewController.swift */ = {isa = PBXFileReference; lastKnownFileType = sourcecode.swift; path = CategoriesViewController.swift; sourceTree = "<group>"; };
		2D2BEBD2297B623C0083C573 /* FavoritesViewController.swift */ = {isa = PBXFileReference; lastKnownFileType = sourcecode.swift; path = FavoritesViewController.swift; sourceTree = "<group>"; };
		2D2BEBD4297B62410083C573 /* BasketViewController.swift */ = {isa = PBXFileReference; lastKnownFileType = sourcecode.swift; path = BasketViewController.swift; sourceTree = "<group>"; };
		2D2BEBD6297B62480083C573 /* ProfileViewController.swift */ = {isa = PBXFileReference; lastKnownFileType = sourcecode.swift; path = ProfileViewController.swift; sourceTree = "<group>"; };
		2D2BEBD8297B62590083C573 /* MainTabBarViewController.swift */ = {isa = PBXFileReference; lastKnownFileType = sourcecode.swift; path = MainTabBarViewController.swift; sourceTree = "<group>"; };
		2D2BEBE0297B83700083C573 /* CompositionalLayoutHelper.swift */ = {isa = PBXFileReference; lastKnownFileType = sourcecode.swift; path = CompositionalLayoutHelper.swift; sourceTree = "<group>"; };
/* End PBXFileReference section */

/* Begin PBXFrameworksBuildPhase section */
		2D2BEBA8297B60250083C573 /* Frameworks */ = {
			isa = PBXFrameworksBuildPhase;
			buildActionMask = 2147483647;
			files = (
				2D2BEBDC297B673B0083C573 /* SnapKit in Frameworks */,
			);
			runOnlyForDeploymentPostprocessing = 0;
		};
/* End PBXFrameworksBuildPhase section */

/* Begin PBXGroup section */
		2D0F72D5297DD836009D6AE6 /* Constants */ = {
			isa = PBXGroup;
			children = (
				2D0F72D6297DD841009D6AE6 /* Images.swift */,
			);
			path = Constants;
			sourceTree = "<group>";
		};
		2D0F72DA297DDC9C009D6AE6 /* MockData */ = {
			isa = PBXGroup;
			children = (
				2D0F72E0297DDF6B009D6AE6 /* HeaderCellMockData.swift */,
				2D0F72E6297DE632009D6AE6 /* SlideCellMockData.swift */,
				2D0F72EE297DE8A5009D6AE6 /* CategoryCellMockData.swift */,
			);
			path = MockData;
			sourceTree = "<group>";
		};
		2D0F72DD297DDF42009D6AE6 /* Models */ = {
			isa = PBXGroup;
			children = (
				2D0F72DE297DDF49009D6AE6 /* HeaderCellModel.swift */,
				2D0F72E8297DE642009D6AE6 /* SlideCellModel.swift */,
				2D0F72EA297DE7E0009D6AE6 /* CategoryCellModel.swift */,
			);
			path = Models;
			sourceTree = "<group>";
		};
		2D0F72F2297DF559009D6AE6 /* Core */ = {
			isa = PBXGroup;
			children = (
				2D2BEBCD297B620F0083C573 /* Profile */,
				2D2BEBCC297B62070083C573 /* Basket */,
				2D2BEBCB297B62010083C573 /* Favorites */,
				2D2BEBCA297B61FB0083C573 /* Categories */,
				2D2BEBC9297B61F50083C573 /* HomeFeed */,
				2D2BEBD8297B62590083C573 /* MainTabBarViewController.swift */,
			);
			path = Core;
			sourceTree = "<group>";
		};
		2D0F72F3297DF564009D6AE6 /* Other */ = {
			isa = PBXGroup;
			children = (
				2D0F72F4297DF584009D6AE6 /* CategoriesDetailViewController.swift */,
				2D0F72F6297DF607009D6AE6 /* CategoriesDetailViewModel.swift */,
			);
			path = Other;
			sourceTree = "<group>";
		};
		2D2BEBA2297B60250083C573 = {
			isa = PBXGroup;
			children = (
				2D2BEBAD297B60250083C573 /* ciceksepeti */,
				2D2BEBAC297B60250083C573 /* Products */,
			);
			sourceTree = "<group>";
		};
		2D2BEBAC297B60250083C573 /* Products */ = {
			isa = PBXGroup;
			children = (
				2D2BEBAB297B60250083C573 /* ciceksepeti.app */,
			);
			name = Products;
			sourceTree = "<group>";
		};
		2D2BEBAD297B60250083C573 /* ciceksepeti */ = {
			isa = PBXGroup;
			children = (
				2D0F72DD297DDF42009D6AE6 /* Models */,
				2D0F72DA297DDC9C009D6AE6 /* MockData */,
				2D0F72D5297DD836009D6AE6 /* Constants */,
				2D2BEBDF297B83620083C573 /* Helpers */,
				2D2BEBC8297B61EA0083C573 /* Scenes */,
				2D2BEBC7297B61B90083C573 /* Resources */,
				2D2BEBC2297B608A0083C573 /* App */,
			);
			path = ciceksepeti;
			sourceTree = "<group>";
		};
		2D2BEBC2297B608A0083C573 /* App */ = {
			isa = PBXGroup;
			children = (
				2D2BEBAE297B60250083C573 /* AppDelegate.swift */,
				2D2BEBB0297B60250083C573 /* SceneDelegate.swift */,
				2D2BEBC3297B60950083C573 /* AppContainer.swift */,
				2D2BEBC5297B609B0083C573 /* AppRouter.swift */,
			);
			path = App;
			sourceTree = "<group>";
		};
		2D2BEBC7297B61B90083C573 /* Resources */ = {
			isa = PBXGroup;
			children = (
				2D2BEBB7297B60260083C573 /* Assets.xcassets */,
				2D2BEBB9297B60260083C573 /* LaunchScreen.storyboard */,
				2D2BEBBC297B60260083C573 /* Info.plist */,
			);
			path = Resources;
			sourceTree = "<group>";
		};
		2D2BEBC8297B61EA0083C573 /* Scenes */ = {
			isa = PBXGroup;
			children = (
				2D0F72F3297DF564009D6AE6 /* Other */,
				2D0F72F2297DF559009D6AE6 /* Core */,
			);
			path = Scenes;
			sourceTree = "<group>";
		};
		2D2BEBC9297B61F50083C573 /* HomeFeed */ = {
			isa = PBXGroup;
			children = (
				2D2BEBCE297B622E0083C573 /* HomeFeedViewController.swift */,
				2D0F72D8297DDBC3009D6AE6 /* HomeFeedViewModel.swift */,
				2D0F72DB297DDCCA009D6AE6 /* HeaderCell.swift */,
				2D0F72E2297DE1CC009D6AE6 /* SlideCell.swift */,
				2D0F72EC297DE7F9009D6AE6 /* CategoryCell.swift */,
			);
			path = HomeFeed;
			sourceTree = "<group>";
		};
		2D2BEBCA297B61FB0083C573 /* Categories */ = {
			isa = PBXGroup;
			children = (
				2D2BEBD0297B62360083C573 /* CategoriesViewController.swift */,
			);
			path = Categories;
			sourceTree = "<group>";
		};
		2D2BEBCB297B62010083C573 /* Favorites */ = {
			isa = PBXGroup;
			children = (
				2D2BEBD2297B623C0083C573 /* FavoritesViewController.swift */,
			);
			path = Favorites;
			sourceTree = "<group>";
		};
		2D2BEBCC297B62070083C573 /* Basket */ = {
			isa = PBXGroup;
			children = (
				2D2BEBD4297B62410083C573 /* BasketViewController.swift */,
			);
			path = Basket;
			sourceTree = "<group>";
		};
		2D2BEBCD297B620F0083C573 /* Profile */ = {
			isa = PBXGroup;
			children = (
				2D2BEBD6297B62480083C573 /* ProfileViewController.swift */,
			);
			path = Profile;
			sourceTree = "<group>";
		};
		2D2BEBDF297B83620083C573 /* Helpers */ = {
			isa = PBXGroup;
			children = (
				2D2BEBE0297B83700083C573 /* CompositionalLayoutHelper.swift */,
				2D0F72F0297DED0F009D6AE6 /* BoxBinding.swift */,
			);
			path = Helpers;
			sourceTree = "<group>";
		};
/* End PBXGroup section */

/* Begin PBXNativeTarget section */
		2D2BEBAA297B60250083C573 /* ciceksepeti */ = {
			isa = PBXNativeTarget;
			buildConfigurationList = 2D2BEBBF297B60260083C573 /* Build configuration list for PBXNativeTarget "ciceksepeti" */;
			buildPhases = (
				2D2BEBA7297B60250083C573 /* Sources */,
				2D2BEBA8297B60250083C573 /* Frameworks */,
				2D2BEBA9297B60250083C573 /* Resources */,
			);
			buildRules = (
			);
			dependencies = (
			);
			name = ciceksepeti;
			packageProductDependencies = (
				2D2BEBDB297B673B0083C573 /* SnapKit */,
			);
			productName = ciceksepeti;
			productReference = 2D2BEBAB297B60250083C573 /* ciceksepeti.app */;
			productType = "com.apple.product-type.application";
		};
/* End PBXNativeTarget section */

/* Begin PBXProject section */
		2D2BEBA3297B60250083C573 /* Project object */ = {
			isa = PBXProject;
			attributes = {
				BuildIndependentTargetsInParallel = 1;
				LastSwiftUpdateCheck = 1420;
				LastUpgradeCheck = 1420;
				TargetAttributes = {
					2D2BEBAA297B60250083C573 = {
						CreatedOnToolsVersion = 14.2;
					};
				};
			};
			buildConfigurationList = 2D2BEBA6297B60250083C573 /* Build configuration list for PBXProject "ciceksepeti" */;
			compatibilityVersion = "Xcode 14.0";
			developmentRegion = en;
			hasScannedForEncodings = 0;
			knownRegions = (
				en,
				Base,
			);
			mainGroup = 2D2BEBA2297B60250083C573;
			packageReferences = (
				2D2BEBDA297B673A0083C573 /* XCRemoteSwiftPackageReference "SnapKit" */,
			);
			productRefGroup = 2D2BEBAC297B60250083C573 /* Products */;
			projectDirPath = "";
			projectRoot = "";
			targets = (
				2D2BEBAA297B60250083C573 /* ciceksepeti */,
			);
		};
/* End PBXProject section */

/* Begin PBXResourcesBuildPhase section */
		2D2BEBA9297B60250083C573 /* Resources */ = {
			isa = PBXResourcesBuildPhase;
			buildActionMask = 2147483647;
			files = (
				2D2BEBBB297B60260083C573 /* LaunchScreen.storyboard in Resources */,
				2D2BEBB8297B60260083C573 /* Assets.xcassets in Resources */,
			);
			runOnlyForDeploymentPostprocessing = 0;
		};
/* End PBXResourcesBuildPhase section */

/* Begin PBXSourcesBuildPhase section */
		2D2BEBA7297B60250083C573 /* Sources */ = {
			isa = PBXSourcesBuildPhase;
			buildActionMask = 2147483647;
			files = (
				2D0F72E1297DDF6B009D6AE6 /* HeaderCellMockData.swift in Sources */,
				2D2BEBD5297B62410083C573 /* BasketViewController.swift in Sources */,
				2D0F72DF297DDF49009D6AE6 /* HeaderCellModel.swift in Sources */,
				2D0F72E9297DE642009D6AE6 /* SlideCellModel.swift in Sources */,
				2D0F72E3297DE1CC009D6AE6 /* SlideCell.swift in Sources */,
				2D0F72EF297DE8A5009D6AE6 /* CategoryCellMockData.swift in Sources */,
				2D0F72D7297DD841009D6AE6 /* Images.swift in Sources */,
				2D0F72F1297DED0F009D6AE6 /* BoxBinding.swift in Sources */,
				2D2BEBD7297B62480083C573 /* ProfileViewController.swift in Sources */,
				2D2BEBD9297B62590083C573 /* MainTabBarViewController.swift in Sources */,
				2D2BEBC4297B60950083C573 /* AppContainer.swift in Sources */,
				2D0F72EB297DE7E0009D6AE6 /* CategoryCellModel.swift in Sources */,
				2D2BEBD3297B623C0083C573 /* FavoritesViewController.swift in Sources */,
				2D0F72DC297DDCCA009D6AE6 /* HeaderCell.swift in Sources */,
				2D0F72D9297DDBC3009D6AE6 /* HomeFeedViewModel.swift in Sources */,
				2D0F72F5297DF584009D6AE6 /* CategoriesDetailViewController.swift in Sources */,
				2D2BEBAF297B60250083C573 /* AppDelegate.swift in Sources */,
				2D2BEBC6297B609B0083C573 /* AppRouter.swift in Sources */,
				2D2BEBB1297B60250083C573 /* SceneDelegate.swift in Sources */,
				2D2BEBD1297B62360083C573 /* CategoriesViewController.swift in Sources */,
				2D0F72ED297DE7F9009D6AE6 /* CategoryCell.swift in Sources */,
				2D0F72E7297DE632009D6AE6 /* SlideCellMockData.swift in Sources */,
				2D2BEBCF297B622E0083C573 /* HomeFeedViewController.swift in Sources */,
				2D0F72F7297DF607009D6AE6 /* CategoriesDetailViewModel.swift in Sources */,
				2D2BEBE1297B83700083C573 /* CompositionalLayoutHelper.swift in Sources */,
			);
			runOnlyForDeploymentPostprocessing = 0;
		};
/* End PBXSourcesBuildPhase section */

/* Begin PBXVariantGroup section */
		2D2BEBB9297B60260083C573 /* LaunchScreen.storyboard */ = {
			isa = PBXVariantGroup;
			children = (
				2D2BEBBA297B60260083C573 /* Base */,
			);
			name = LaunchScreen.storyboard;
			sourceTree = "<group>";
		};
/* End PBXVariantGroup section */

/* Begin XCBuildConfiguration section */
		2D2BEBBD297B60260083C573 /* Debug */ = {
			isa = XCBuildConfiguration;
			buildSettings = {
				ALWAYS_SEARCH_USER_PATHS = NO;
				CLANG_ANALYZER_NONNULL = YES;
				CLANG_ANALYZER_NUMBER_OBJECT_CONVERSION = YES_AGGRESSIVE;
				CLANG_CXX_LANGUAGE_STANDARD = "gnu++20";
				CLANG_ENABLE_MODULES = YES;
				CLANG_ENABLE_OBJC_ARC = YES;
				CLANG_ENABLE_OBJC_WEAK = YES;
				CLANG_WARN_BLOCK_CAPTURE_AUTORELEASING = YES;
				CLANG_WARN_BOOL_CONVERSION = YES;
				CLANG_WARN_COMMA = YES;
				CLANG_WARN_CONSTANT_CONVERSION = YES;
				CLANG_WARN_DEPRECATED_OBJC_IMPLEMENTATIONS = YES;
				CLANG_WARN_DIRECT_OBJC_ISA_USAGE = YES_ERROR;
				CLANG_WARN_DOCUMENTATION_COMMENTS = YES;
				CLANG_WARN_EMPTY_BODY = YES;
				CLANG_WARN_ENUM_CONVERSION = YES;
				CLANG_WARN_INFINITE_RECURSION = YES;
				CLANG_WARN_INT_CONVERSION = YES;
				CLANG_WARN_NON_LITERAL_NULL_CONVERSION = YES;
				CLANG_WARN_OBJC_IMPLICIT_RETAIN_SELF = YES;
				CLANG_WARN_OBJC_LITERAL_CONVERSION = YES;
				CLANG_WARN_OBJC_ROOT_CLASS = YES_ERROR;
				CLANG_WARN_QUOTED_INCLUDE_IN_FRAMEWORK_HEADER = YES;
				CLANG_WARN_RANGE_LOOP_ANALYSIS = YES;
				CLANG_WARN_STRICT_PROTOTYPES = YES;
				CLANG_WARN_SUSPICIOUS_MOVE = YES;
				CLANG_WARN_UNGUARDED_AVAILABILITY = YES_AGGRESSIVE;
				CLANG_WARN_UNREACHABLE_CODE = YES;
				CLANG_WARN__DUPLICATE_METHOD_MATCH = YES;
				COPY_PHASE_STRIP = NO;
				DEBUG_INFORMATION_FORMAT = dwarf;
				ENABLE_STRICT_OBJC_MSGSEND = YES;
				ENABLE_TESTABILITY = YES;
				GCC_C_LANGUAGE_STANDARD = gnu11;
				GCC_DYNAMIC_NO_PIC = NO;
				GCC_NO_COMMON_BLOCKS = YES;
				GCC_OPTIMIZATION_LEVEL = 0;
				GCC_PREPROCESSOR_DEFINITIONS = (
					"DEBUG=1",
					"$(inherited)",
				);
				GCC_WARN_64_TO_32_BIT_CONVERSION = YES;
				GCC_WARN_ABOUT_RETURN_TYPE = YES_ERROR;
				GCC_WARN_UNDECLARED_SELECTOR = YES;
				GCC_WARN_UNINITIALIZED_AUTOS = YES_AGGRESSIVE;
				GCC_WARN_UNUSED_FUNCTION = YES;
				GCC_WARN_UNUSED_VARIABLE = YES;
				IPHONEOS_DEPLOYMENT_TARGET = 16.2;
				MTL_ENABLE_DEBUG_INFO = INCLUDE_SOURCE;
				MTL_FAST_MATH = YES;
				ONLY_ACTIVE_ARCH = YES;
				SDKROOT = iphoneos;
				SWIFT_ACTIVE_COMPILATION_CONDITIONS = DEBUG;
				SWIFT_OPTIMIZATION_LEVEL = "-Onone";
			};
			name = Debug;
		};
		2D2BEBBE297B60260083C573 /* Release */ = {
			isa = XCBuildConfiguration;
			buildSettings = {
				ALWAYS_SEARCH_USER_PATHS = NO;
				CLANG_ANALYZER_NONNULL = YES;
				CLANG_ANALYZER_NUMBER_OBJECT_CONVERSION = YES_AGGRESSIVE;
				CLANG_CXX_LANGUAGE_STANDARD = "gnu++20";
				CLANG_ENABLE_MODULES = YES;
				CLANG_ENABLE_OBJC_ARC = YES;
				CLANG_ENABLE_OBJC_WEAK = YES;
				CLANG_WARN_BLOCK_CAPTURE_AUTORELEASING = YES;
				CLANG_WARN_BOOL_CONVERSION = YES;
				CLANG_WARN_COMMA = YES;
				CLANG_WARN_CONSTANT_CONVERSION = YES;
				CLANG_WARN_DEPRECATED_OBJC_IMPLEMENTATIONS = YES;
				CLANG_WARN_DIRECT_OBJC_ISA_USAGE = YES_ERROR;
				CLANG_WARN_DOCUMENTATION_COMMENTS = YES;
				CLANG_WARN_EMPTY_BODY = YES;
				CLANG_WARN_ENUM_CONVERSION = YES;
				CLANG_WARN_INFINITE_RECURSION = YES;
				CLANG_WARN_INT_CONVERSION = YES;
				CLANG_WARN_NON_LITERAL_NULL_CONVERSION = YES;
				CLANG_WARN_OBJC_IMPLICIT_RETAIN_SELF = YES;
				CLANG_WARN_OBJC_LITERAL_CONVERSION = YES;
				CLANG_WARN_OBJC_ROOT_CLASS = YES_ERROR;
				CLANG_WARN_QUOTED_INCLUDE_IN_FRAMEWORK_HEADER = YES;
				CLANG_WARN_RANGE_LOOP_ANALYSIS = YES;
				CLANG_WARN_STRICT_PROTOTYPES = YES;
				CLANG_WARN_SUSPICIOUS_MOVE = YES;
				CLANG_WARN_UNGUARDED_AVAILABILITY = YES_AGGRESSIVE;
				CLANG_WARN_UNREACHABLE_CODE = YES;
				CLANG_WARN__DUPLICATE_METHOD_MATCH = YES;
				COPY_PHASE_STRIP = NO;
				DEBUG_INFORMATION_FORMAT = "dwarf-with-dsym";
				ENABLE_NS_ASSERTIONS = NO;
				ENABLE_STRICT_OBJC_MSGSEND = YES;
				GCC_C_LANGUAGE_STANDARD = gnu11;
				GCC_NO_COMMON_BLOCKS = YES;
				GCC_WARN_64_TO_32_BIT_CONVERSION = YES;
				GCC_WARN_ABOUT_RETURN_TYPE = YES_ERROR;
				GCC_WARN_UNDECLARED_SELECTOR = YES;
				GCC_WARN_UNINITIALIZED_AUTOS = YES_AGGRESSIVE;
				GCC_WARN_UNUSED_FUNCTION = YES;
				GCC_WARN_UNUSED_VARIABLE = YES;
				IPHONEOS_DEPLOYMENT_TARGET = 16.2;
				MTL_ENABLE_DEBUG_INFO = NO;
				MTL_FAST_MATH = YES;
				SDKROOT = iphoneos;
				SWIFT_COMPILATION_MODE = wholemodule;
				SWIFT_OPTIMIZATION_LEVEL = "-O";
				VALIDATE_PRODUCT = YES;
			};
			name = Release;
		};
		2D2BEBC0297B60260083C573 /* Debug */ = {
			isa = XCBuildConfiguration;
			buildSettings = {
				ASSETCATALOG_COMPILER_APPICON_NAME = AppIcon;
				ASSETCATALOG_COMPILER_GLOBAL_ACCENT_COLOR_NAME = AccentColor;
				CODE_SIGN_STYLE = Automatic;
				CURRENT_PROJECT_VERSION = 1;
				DEVELOPMENT_TEAM = HG8VJQPKXZ;
				GENERATE_INFOPLIST_FILE = YES;
				INFOPLIST_FILE = ciceksepeti/Resources/Info.plist;
				INFOPLIST_KEY_UIApplicationSupportsIndirectInputEvents = YES;
				INFOPLIST_KEY_UILaunchStoryboardName = LaunchScreen;
				INFOPLIST_KEY_UISupportedInterfaceOrientations = UIInterfaceOrientationPortrait;
				INFOPLIST_KEY_UISupportedInterfaceOrientations_iPad = "UIInterfaceOrientationLandscapeLeft UIInterfaceOrientationLandscapeRight UIInterfaceOrientationPortrait UIInterfaceOrientationPortraitUpsideDown";
				LD_RUNPATH_SEARCH_PATHS = (
					"$(inherited)",
					"@executable_path/Frameworks",
				);
				MARKETING_VERSION = 1.0;
				PRODUCT_BUNDLE_IDENTIFIER = dev.nsemir.ciceksepeti;
				PRODUCT_NAME = "$(TARGET_NAME)";
				SUPPORTED_PLATFORMS = "iphoneos iphonesimulator";
				SUPPORTS_MACCATALYST = NO;
				SUPPORTS_MAC_DESIGNED_FOR_IPHONE_IPAD = NO;
				SWIFT_EMIT_LOC_STRINGS = YES;
				SWIFT_VERSION = 5.0;
				TARGETED_DEVICE_FAMILY = 1;
			};
			name = Debug;
		};
		2D2BEBC1297B60260083C573 /* Release */ = {
			isa = XCBuildConfiguration;
			buildSettings = {
				ASSETCATALOG_COMPILER_APPICON_NAME = AppIcon;
				ASSETCATALOG_COMPILER_GLOBAL_ACCENT_COLOR_NAME = AccentColor;
				CODE_SIGN_STYLE = Automatic;
				CURRENT_PROJECT_VERSION = 1;
				DEVELOPMENT_TEAM = HG8VJQPKXZ;
				GENERATE_INFOPLIST_FILE = YES;
				INFOPLIST_FILE = ciceksepeti/Resources/Info.plist;
				INFOPLIST_KEY_UIApplicationSupportsIndirectInputEvents = YES;
				INFOPLIST_KEY_UILaunchStoryboardName = LaunchScreen;
				INFOPLIST_KEY_UISupportedInterfaceOrientations = UIInterfaceOrientationPortrait;
				INFOPLIST_KEY_UISupportedInterfaceOrientations_iPad = "UIInterfaceOrientationLandscapeLeft UIInterfaceOrientationLandscapeRight UIInterfaceOrientationPortrait UIInterfaceOrientationPortraitUpsideDown";
				LD_RUNPATH_SEARCH_PATHS = (
					"$(inherited)",
					"@executable_path/Frameworks",
				);
				MARKETING_VERSION = 1.0;
				PRODUCT_BUNDLE_IDENTIFIER = dev.nsemir.ciceksepeti;
				PRODUCT_NAME = "$(TARGET_NAME)";
				SUPPORTED_PLATFORMS = "iphoneos iphonesimulator";
				SUPPORTS_MACCATALYST = NO;
				SUPPORTS_MAC_DESIGNED_FOR_IPHONE_IPAD = NO;
				SWIFT_EMIT_LOC_STRINGS = YES;
				SWIFT_VERSION = 5.0;
				TARGETED_DEVICE_FAMILY = 1;
			};
			name = Release;
		};
/* End XCBuildConfiguration section */

/* Begin XCConfigurationList section */
		2D2BEBA6297B60250083C573 /* Build configuration list for PBXProject "ciceksepeti" */ = {
			isa = XCConfigurationList;
			buildConfigurations = (
				2D2BEBBD297B60260083C573 /* Debug */,
				2D2BEBBE297B60260083C573 /* Release */,
			);
			defaultConfigurationIsVisible = 0;
			defaultConfigurationName = Release;
		};
		2D2BEBBF297B60260083C573 /* Build configuration list for PBXNativeTarget "ciceksepeti" */ = {
			isa = XCConfigurationList;
			buildConfigurations = (
				2D2BEBC0297B60260083C573 /* Debug */,
				2D2BEBC1297B60260083C573 /* Release */,
			);
			defaultConfigurationIsVisible = 0;
			defaultConfigurationName = Release;
		};
/* End XCConfigurationList section */

/* Begin XCRemoteSwiftPackageReference section */
		2D2BEBDA297B673A0083C573 /* XCRemoteSwiftPackageReference "SnapKit" */ = {
			isa = XCRemoteSwiftPackageReference;
			repositoryURL = "https://github.com/SnapKit/SnapKit.git";
			requirement = {
				kind = upToNextMajorVersion;
				minimumVersion = 5.0.0;
			};
		};
/* End XCRemoteSwiftPackageReference section */

/* Begin XCSwiftPackageProductDependency section */
		2D2BEBDB297B673B0083C573 /* SnapKit */ = {
			isa = XCSwiftPackageProductDependency;
			package = 2D2BEBDA297B673A0083C573 /* XCRemoteSwiftPackageReference "SnapKit" */;
			productName = SnapKit;
		};
/* End XCSwiftPackageProductDependency section */
	};
	rootObject = 2D2BEBA3297B60250083C573 /* Project object */;
}
